
Microsoft Visual Studio Solution File, Format Version 12.00
# Visual Studio Version 16
VisualStudioVersion = 16.0.30804.86
MinimumVisualStudioVersion = 10.0.40219.1
Project("{FAE04EC0-301F-11D3-BF4B-00C04F79EFBC}") = "Market Zinciri Otomasyonu", "Market Zinciri Otomasyonu.csproj", "{89DFB9E6-BEC5-43F7-AE8F-8483A0AC872E}"
EndProject
Global
	GlobalSection(SolutionConfigurationPlatforms) = preSolution
		Debug|Any CPU = Debug|Any CPU
		Release|Any CPU = Release|Any CPU
	EndGlobalSection
	GlobalSection(ProjectConfigurationPlatforms) = postSolution
		{89DFB9E6-BEC5-43F7-AE8F-8483A0AC872E}.Debug|Any CPU.ActiveCfg = Debug|Any CPU
		{89DFB9E6-BEC5-43F7-AE8F-8483A0AC872E}.Debug|Any CPU.Build.0 = Debug|Any CPU
		{89DFB9E6-BEC5-43F7-AE8F-8483A0AC872E}.Release|Any CPU.ActiveCfg = Release|Any CPU
		{89DFB9E6-BEC5-43F7-AE8F-8483A0AC872E}.Release|Any CPU.Build.0 = Release|Any CPU
	EndGlobalSection
	GlobalSection(SolutionProperties) = preSolution
		HideSolutionNode = FALSE
	EndGlobalSection
	GlobalSection(ExtensibilityGlobals) = postSolution
		SolutionGuid = {B924AA4A-C4AE-47E6-926B-20A6F8DCF877}
	EndGlobalSection
EndGlobal
